// !$*UTF8*$!
{
	archiveVersion = 1;
	classes = {
	};
	objectVersion = 56;
	objects = {

/* Begin PBXBuildFile section */
		966AEB812B5BE14300186062 /* AppDelegate.swift in Sources */ = {isa = PBXBuildFile; fileRef = 966AEB802B5BE14300186062 /* AppDelegate.swift */; };
		966AEB832B5BE14300186062 /* SceneDelegate.swift in Sources */ = {isa = PBXBuildFile; fileRef = 966AEB822B5BE14300186062 /* SceneDelegate.swift */; };
		966AEB852B5BE14300186062 /* ViewController.swift in Sources */ = {isa = PBXBuildFile; fileRef = 966AEB842B5BE14300186062 /* ViewController.swift */; };
		966AEB882B5BE14300186062 /* Main.storyboard in Resources */ = {isa = PBXBuildFile; fileRef = 966AEB862B5BE14300186062 /* Main.storyboard */; };
		966AEB8B2B5BE14300186062 /* tmdb_swipebox.xcdatamodeld in Sources */ = {isa = PBXBuildFile; fileRef = 966AEB892B5BE14300186062 /* tmdb_swipebox.xcdatamodeld */; };
		966AEB8D2B5BE14500186062 /* Assets.xcassets in Resources */ = {isa = PBXBuildFile; fileRef = 966AEB8C2B5BE14500186062 /* Assets.xcassets */; };
		966AEB902B5BE14500186062 /* LaunchScreen.storyboard in Resources */ = {isa = PBXBuildFile; fileRef = 966AEB8E2B5BE14500186062 /* LaunchScreen.storyboard */; };
		A39A5BBDFEB2F59EE15959EC /* Pods_tmdb_swipebox.framework in Frameworks */ = {isa = PBXBuildFile; fileRef = 72F7DD0A567B057F43D24E35 /* Pods_tmdb_swipebox.framework */; };
/* End PBXBuildFile section */

/* Begin PBXFileReference section */
		72F7DD0A567B057F43D24E35 /* Pods_tmdb_swipebox.framework */ = {isa = PBXFileReference; explicitFileType = wrapper.framework; includeInIndex = 0; path = Pods_tmdb_swipebox.framework; sourceTree = BUILT_PRODUCTS_DIR; };
		966AEB7D2B5BE14300186062 /* tmdb_swipebox.app */ = {isa = PBXFileReference; explicitFileType = wrapper.application; includeInIndex = 0; path = tmdb_swipebox.app; sourceTree = BUILT_PRODUCTS_DIR; };
		966AEB802B5BE14300186062 /* AppDelegate.swift */ = {isa = PBXFileReference; lastKnownFileType = sourcecode.swift; path = AppDelegate.swift; sourceTree = "<group>"; };
		966AEB822B5BE14300186062 /* SceneDelegate.swift */ = {isa = PBXFileReference; lastKnownFileType = sourcecode.swift; path = SceneDelegate.swift; sourceTree = "<group>"; };
		966AEB842B5BE14300186062 /* ViewController.swift */ = {isa = PBXFileReference; lastKnownFileType = sourcecode.swift; path = ViewController.swift; sourceTree = "<group>"; };
		966AEB872B5BE14300186062 /* Base */ = {isa = PBXFileReference; lastKnownFileType = file.storyboard; name = Base; path = Base.lproj/Main.storyboard; sourceTree = "<group>"; };
		966AEB8A2B5BE14300186062 /* tmdb_swipebox.xcdatamodel */ = {isa = PBXFileReference; lastKnownFileType = wrapper.xcdatamodel; path = tmdb_swipebox.xcdatamodel; sourceTree = "<group>"; };
		966AEB8C2B5BE14500186062 /* Assets.xcassets */ = {isa = PBXFileReference; lastKnownFileType = folder.assetcatalog; path = Assets.xcassets; sourceTree = "<group>"; };
		966AEB8F2B5BE14500186062 /* Base */ = {isa = PBXFileReference; lastKnownFileType = file.storyboard; name = Base; path = Base.lproj/LaunchScreen.storyboard; sourceTree = "<group>"; };
		966AEB912B5BE14500186062 /* Info.plist */ = {isa = PBXFileReference; lastKnownFileType = text.plist.xml; path = Info.plist; sourceTree = "<group>"; };
		A760C68415B97DC93430239A /* Pods-tmdb_swipebox.release.xcconfig */ = {isa = PBXFileReference; includeInIndex = 1; lastKnownFileType = text.xcconfig; name = "Pods-tmdb_swipebox.release.xcconfig"; path = "Target Support Files/Pods-tmdb_swipebox/Pods-tmdb_swipebox.release.xcconfig"; sourceTree = "<group>"; };
		E2DBD6AB77DD95051EDEFF9D /* Pods-tmdb_swipebox.debug.xcconfig */ = {isa = PBXFileReference; includeInIndex = 1; lastKnownFileType = text.xcconfig; name = "Pods-tmdb_swipebox.debug.xcconfig"; path = "Target Support Files/Pods-tmdb_swipebox/Pods-tmdb_swipebox.debug.xcconfig"; sourceTree = "<group>"; };
/* End PBXFileReference section */

/* Begin PBXFrameworksBuildPhase section */
		966AEB7A2B5BE14300186062 /* Frameworks */ = {
			isa = PBXFrameworksBuildPhase;
			buildActionMask = 2147483647;
			files = (
				A39A5BBDFEB2F59EE15959EC /* Pods_tmdb_swipebox.framework in Frameworks */,
			);
			runOnlyForDeploymentPostprocessing = 0;
		};
/* End PBXFrameworksBuildPhase section */

/* Begin PBXGroup section */
		695750C498ED2ABEF7105179 /* Frameworks */ = {
			isa = PBXGroup;
			children = (
				72F7DD0A567B057F43D24E35 /* Pods_tmdb_swipebox.framework */,
			);
			name = Frameworks;
			sourceTree = "<group>";
		};
		966AEB742B5BE14300186062 = {
			isa = PBXGroup;
			children = (
				966AEB7F2B5BE14300186062 /* tmdb_swipebox */,
				966AEB7E2B5BE14300186062 /* Products */,
				E333A86D114928BDB6F2E92A /* Pods */,
				695750C498ED2ABEF7105179 /* Frameworks */,
			);
			sourceTree = "<group>";
		};
		966AEB7E2B5BE14300186062 /* Products */ = {
			isa = PBXGroup;
			children = (
				966AEB7D2B5BE14300186062 /* tmdb_swipebox.app */,
			);
			name = Products;
			sourceTree = "<group>";
		};
		966AEB7F2B5BE14300186062 /* tmdb_swipebox */ = {
			isa = PBXGroup;
			children = (
				966AEB802B5BE14300186062 /* AppDelegate.swift */,
				966AEB822B5BE14300186062 /* SceneDelegate.swift */,
				966AEB842B5BE14300186062 /* ViewController.swift */,
				966AEB862B5BE14300186062 /* Main.storyboard */,
				966AEB8C2B5BE14500186062 /* Assets.xcassets */,
				966AEB8E2B5BE14500186062 /* LaunchScreen.storyboard */,
				966AEB912B5BE14500186062 /* Info.plist */,
				966AEB892B5BE14300186062 /* tmdb_swipebox.xcdatamodeld */,
			);
			path = tmdb_swipebox;
			sourceTree = "<group>";
		};
		E333A86D114928BDB6F2E92A /* Pods */ = {
			isa = PBXGroup;
			children = (
				E2DBD6AB77DD95051EDEFF9D /* Pods-tmdb_swipebox.debug.xcconfig */,
				A760C68415B97DC93430239A /* Pods-tmdb_swipebox.release.xcconfig */,
			);
			name = Pods;
			path = Pods;
			sourceTree = "<group>";
		};
/* End PBXGroup section */

/* Begin PBXNativeTarget section */
		966AEB7C2B5BE14300186062 /* tmdb_swipebox */ = {
			isa = PBXNativeTarget;
			buildConfigurationList = 966AEB942B5BE14500186062 /* Build configuration list for PBXNativeTarget "tmdb_swipebox" */;
			buildPhases = (
				5818F49AEDF1DD0EA6F8705F /* [CP] Check Pods Manifest.lock */,
				966AEB792B5BE14300186062 /* Sources */,
				966AEB7A2B5BE14300186062 /* Frameworks */,
				966AEB7B2B5BE14300186062 /* Resources */,
				47F3F764BF311F76AFB01B6A /* [CP] Embed Pods Frameworks */,
			);
			buildRules = (
			);
			dependencies = (
			);
			name = tmdb_swipebox;
			productName = tmdb_swipebox;
			productReference = 966AEB7D2B5BE14300186062 /* tmdb_swipebox.app */;
			productType = "com.apple.product-type.application";
		};
/* End PBXNativeTarget section */

/* Begin PBXProject section */
		966AEB752B5BE14300186062 /* Project object */ = {
			isa = PBXProject;
			attributes = {
				BuildIndependentTargetsInParallel = 1;
				LastSwiftUpdateCheck = 1500;
				LastUpgradeCheck = 1500;
				TargetAttributes = {
					966AEB7C2B5BE14300186062 = {
						CreatedOnToolsVersion = 15.0;
					};
				};
			};
			buildConfigurationList = 966AEB782B5BE14300186062 /* Build configuration list for PBXProject "tmdb_swipebox" */;
			compatibilityVersion = "Xcode 14.0";
			developmentRegion = en;
			hasScannedForEncodings = 0;
			knownRegions = (
				en,
				Base,
			);
			mainGroup = 966AEB742B5BE14300186062;
			productRefGroup = 966AEB7E2B5BE14300186062 /* Products */;
			projectDirPath = "";
			projectRoot = "";
			targets = (
				966AEB7C2B5BE14300186062 /* tmdb_swipebox */,
			);
		};
/* End PBXProject section */

/* Begin PBXResourcesBuildPhase section */
		966AEB7B2B5BE14300186062 /* Resources */ = {
			isa = PBXResourcesBuildPhase;
			buildActionMask = 2147483647;
			files = (
				966AEB902B5BE14500186062 /* LaunchScreen.storyboard in Resources */,
				966AEB8D2B5BE14500186062 /* Assets.xcassets in Resources */,
				966AEB882B5BE14300186062 /* Main.storyboard in Resources */,
			);
			runOnlyForDeploymentPostprocessing = 0;
		};
/* End PBXResourcesBuildPhase section */

/* Begin PBXShellScriptBuildPhase section */
		47F3F764BF311F76AFB01B6A /* [CP] Embed Pods Frameworks */ = {
			isa = PBXShellScriptBuildPhase;
			buildActionMask = 2147483647;
			files = (
			);
			inputFileListPaths = (
				"${PODS_ROOT}/Target Support Files/Pods-tmdb_swipebox/Pods-tmdb_swipebox-frameworks-${CONFIGURATION}-input-files.xcfilelist",
			);
			name = "[CP] Embed Pods Frameworks";
			outputFileListPaths = (
				"${PODS_ROOT}/Target Support Files/Pods-tmdb_swipebox/Pods-tmdb_swipebox-frameworks-${CONFIGURATION}-output-files.xcfilelist",
			);
			runOnlyForDeploymentPostprocessing = 0;
			shellPath = /bin/sh;
			shellScript = "\"${PODS_ROOT}/Target Support Files/Pods-tmdb_swipebox/Pods-tmdb_swipebox-frameworks.sh\"\n";
			showEnvVarsInLog = 0;
		};
		5818F49AEDF1DD0EA6F8705F /* [CP] Check Pods Manifest.lock */ = {
			isa = PBXShellScriptBuildPhase;
			buildActionMask = 2147483647;
			files = (
			);
			inputFileListPaths = (
			);
			inputPaths = (
				"${PODS_PODFILE_DIR_PATH}/Podfile.lock",
				"${PODS_ROOT}/Manifest.lock",
			);
			name = "[CP] Check Pods Manifest.lock";
			outputFileListPaths = (
			);
			outputPaths = (
				"$(DERIVED_FILE_DIR)/Pods-tmdb_swipebox-checkManifestLockResult.txt",
			);
			runOnlyForDeploymentPostprocessing = 0;
			shellPath = /bin/sh;
			shellScript = "diff \"${PODS_PODFILE_DIR_PATH}/Podfile.lock\" \"${PODS_ROOT}/Manifest.lock\" > /dev/null\nif [ $? != 0 ] ; then\n    # print error to STDERR\n    echo \"error: The sandbox is not in sync with the Podfile.lock. Run 'pod install' or update your CocoaPods installation.\" >&2\n    exit 1\nfi\n# This output is used by Xcode 'outputs' to avoid re-running this script phase.\necho \"SUCCESS\" > \"${SCRIPT_OUTPUT_FILE_0}\"\n";
			showEnvVarsInLog = 0;
		};
/* End PBXShellScriptBuildPhase section */

/* Begin PBXSourcesBuildPhase section */
		966AEB792B5BE14300186062 /* Sources */ = {
			isa = PBXSourcesBuildPhase;
			buildActionMask = 2147483647;
			files = (
				966AEB852B5BE14300186062 /* ViewController.swift in Sources */,
				966AEB8B2B5BE14300186062 /* tmdb_swipebox.xcdatamodeld in Sources */,
				966AEB812B5BE14300186062 /* AppDelegate.swift in Sources */,
				966AEB832B5BE14300186062 /* SceneDelegate.swift in Sources */,
			);
			runOnlyForDeploymentPostprocessing = 0;
		};
/* End PBXSourcesBuildPhase section */

/* Begin PBXVariantGroup section */
		966AEB862B5BE14300186062 /* Main.storyboard */ = {
			isa = PBXVariantGroup;
			children = (
				966AEB872B5BE14300186062 /* Base */,
			);
			name = Main.storyboard;
			sourceTree = "<group>";
		};
		966AEB8E2B5BE14500186062 /* LaunchScreen.storyboard */ = {
			isa = PBXVariantGroup;
			children = (
				966AEB8F2B5BE14500186062 /* Base */,
			);
			name = LaunchScreen.storyboard;
			sourceTree = "<group>";
		};
/* End PBXVariantGroup section */

/* Begin XCBuildConfiguration section */
		966AEB922B5BE14500186062 /* Debug */ = {
			isa = XCBuildConfiguration;
			buildSettings = {
				ALWAYS_SEARCH_USER_PATHS = NO;
				ASSETCATALOG_COMPILER_GENERATE_SWIFT_ASSET_SYMBOL_EXTENSIONS = YES;
				CLANG_ANALYZER_NONNULL = YES;
				CLANG_ANALYZER_NUMBER_OBJECT_CONVERSION = YES_AGGRESSIVE;
				CLANG_CXX_LANGUAGE_STANDARD = "gnu++20";
				CLANG_ENABLE_MODULES = YES;
				CLANG_ENABLE_OBJC_ARC = YES;
				CLANG_ENABLE_OBJC_WEAK = YES;
				CLANG_WARN_BLOCK_CAPTURE_AUTORELEASING = YES;
				CLANG_WARN_BOOL_CONVERSION = YES;
				CLANG_WARN_COMMA = YES;
				CLANG_WARN_CONSTANT_CONVERSION = YES;
				CLANG_WARN_DEPRECATED_OBJC_IMPLEMENTATIONS = YES;
				CLANG_WARN_DIRECT_OBJC_ISA_USAGE = YES_ERROR;
				CLANG_WARN_DOCUMENTATION_COMMENTS = YES;
				CLANG_WARN_EMPTY_BODY = YES;
				CLANG_WARN_ENUM_CONVERSION = YES;
				CLANG_WARN_INFINITE_RECURSION = YES;
				CLANG_WARN_INT_CONVERSION = YES;
				CLANG_WARN_NON_LITERAL_NULL_CONVERSION = YES;
				CLANG_WARN_OBJC_IMPLICIT_RETAIN_SELF = YES;
				CLANG_WARN_OBJC_LITERAL_CONVERSION = YES;
				CLANG_WARN_OBJC_ROOT_CLASS = YES_ERROR;
				CLANG_WARN_QUOTED_INCLUDE_IN_FRAMEWORK_HEADER = YES;
				CLANG_WARN_RANGE_LOOP_ANALYSIS = YES;
				CLANG_WARN_STRICT_PROTOTYPES = YES;
				CLANG_WARN_SUSPICIOUS_MOVE = YES;
				CLANG_WARN_UNGUARDED_AVAILABILITY = YES_AGGRESSIVE;
				CLANG_WARN_UNREACHABLE_CODE = YES;
				CLANG_WARN__DUPLICATE_METHOD_MATCH = YES;
				COPY_PHASE_STRIP = NO;
				DEBUG_INFORMATION_FORMAT = dwarf;
				ENABLE_STRICT_OBJC_MSGSEND = YES;
				ENABLE_TESTABILITY = YES;
				ENABLE_USER_SCRIPT_SANDBOXING = YES;
				GCC_C_LANGUAGE_STANDARD = gnu17;
				GCC_DYNAMIC_NO_PIC = NO;
				GCC_NO_COMMON_BLOCKS = YES;
				GCC_OPTIMIZATION_LEVEL = 0;
				GCC_PREPROCESSOR_DEFINITIONS = (
					"DEBUG=1",
					"$(inherited)",
				);
				GCC_WARN_64_TO_32_BIT_CONVERSION = YES;
				GCC_WARN_ABOUT_RETURN_TYPE = YES_ERROR;
				GCC_WARN_UNDECLARED_SELECTOR = YES;
				GCC_WARN_UNINITIALIZED_AUTOS = YES_AGGRESSIVE;
				GCC_WARN_UNUSED_FUNCTION = YES;
				GCC_WARN_UNUSED_VARIABLE = YES;
				IPHONEOS_DEPLOYMENT_TARGET = 17.0;
				LOCALIZATION_PREFERS_STRING_CATALOGS = YES;
				MTL_ENABLE_DEBUG_INFO = INCLUDE_SOURCE;
				MTL_FAST_MATH = YES;
				ONLY_ACTIVE_ARCH = YES;
				SDKROOT = iphoneos;
				SWIFT_ACTIVE_COMPILATION_CONDITIONS = "DEBUG $(inherited)";
				SWIFT_OPTIMIZATION_LEVEL = "-Onone";
			};
			name = Debug;
		};
		966AEB932B5BE14500186062 /* Release */ = {
			isa = XCBuildConfiguration;
			buildSettings = {
				ALWAYS_SEARCH_USER_PATHS = NO;
				ASSETCATALOG_COMPILER_GENERATE_SWIFT_ASSET_SYMBOL_EXTENSIONS = YES;
				CLANG_ANALYZER_NONNULL = YES;
				CLANG_ANALYZER_NUMBER_OBJECT_CONVERSION = YES_AGGRESSIVE;
				CLANG_CXX_LANGUAGE_STANDARD = "gnu++20";
				CLANG_ENABLE_MODULES = YES;
				CLANG_ENABLE_OBJC_ARC = YES;
				CLANG_ENABLE_OBJC_WEAK = YES;
				CLANG_WARN_BLOCK_CAPTURE_AUTORELEASING = YES;
				CLANG_WARN_BOOL_CONVERSION = YES;
				CLANG_WARN_COMMA = YES;
				CLANG_WARN_CONSTANT_CONVERSION = YES;
				CLANG_WARN_DEPRECATED_OBJC_IMPLEMENTATIONS = YES;
				CLANG_WARN_DIRECT_OBJC_ISA_USAGE = YES_ERROR;
				CLANG_WARN_DOCUMENTATION_COMMENTS = YES;
				CLANG_WARN_EMPTY_BODY = YES;
				CLANG_WARN_ENUM_CONVERSION = YES;
				CLANG_WARN_INFINITE_RECURSION = YES;
				CLANG_WARN_INT_CONVERSION = YES;
				CLANG_WARN_NON_LITERAL_NULL_CONVERSION = YES;
				CLANG_WARN_OBJC_IMPLICIT_RETAIN_SELF = YES;
				CLANG_WARN_OBJC_LITERAL_CONVERSION = YES;
				CLANG_WARN_OBJC_ROOT_CLASS = YES_ERROR;
				CLANG_WARN_QUOTED_INCLUDE_IN_FRAMEWORK_HEADER = YES;
				CLANG_WARN_RANGE_LOOP_ANALYSIS = YES;
				CLANG_WARN_STRICT_PROTOTYPES = YES;
				CLANG_WARN_SUSPICIOUS_MOVE = YES;
				CLANG_WARN_UNGUARDED_AVAILABILITY = YES_AGGRESSIVE;
				CLANG_WARN_UNREACHABLE_CODE = YES;
				CLANG_WARN__DUPLICATE_METHOD_MATCH = YES;
				COPY_PHASE_STRIP = NO;
				DEBUG_INFORMATION_FORMAT = "dwarf-with-dsym";
				ENABLE_NS_ASSERTIONS = NO;
				ENABLE_STRICT_OBJC_MSGSEND = YES;
				ENABLE_USER_SCRIPT_SANDBOXING = YES;
				GCC_C_LANGUAGE_STANDARD = gnu17;
				GCC_NO_COMMON_BLOCKS = YES;
				GCC_WARN_64_TO_32_BIT_CONVERSION = YES;
				GCC_WARN_ABOUT_RETURN_TYPE = YES_ERROR;
				GCC_WARN_UNDECLARED_SELECTOR = YES;
				GCC_WARN_UNINITIALIZED_AUTOS = YES_AGGRESSIVE;
				GCC_WARN_UNUSED_FUNCTION = YES;
				GCC_WARN_UNUSED_VARIABLE = YES;
				IPHONEOS_DEPLOYMENT_TARGET = 17.0;
				LOCALIZATION_PREFERS_STRING_CATALOGS = YES;
				MTL_ENABLE_DEBUG_INFO = NO;
				MTL_FAST_MATH = YES;
				SDKROOT = iphoneos;
				SWIFT_COMPILATION_MODE = wholemodule;
				VALIDATE_PRODUCT = YES;
			};
			name = Release;
		};
		966AEB952B5BE14500186062 /* Debug */ = {
			isa = XCBuildConfiguration;
			baseConfigurationReference = E2DBD6AB77DD95051EDEFF9D /* Pods-tmdb_swipebox.debug.xcconfig */;
			buildSettings = {
				ASSETCATALOG_COMPILER_APPICON_NAME = AppIcon;
				ASSETCATALOG_COMPILER_GLOBAL_ACCENT_COLOR_NAME = AccentColor;
				CODE_SIGN_STYLE = Automatic;
				CURRENT_PROJECT_VERSION = 1;
				DEVELOPMENT_TEAM = JWCT6UKXNA;
				GENERATE_INFOPLIST_FILE = YES;
				INFOPLIST_FILE = tmdb_swipebox/Info.plist;
				INFOPLIST_KEY_UIApplicationSupportsIndirectInputEvents = YES;
				INFOPLIST_KEY_UILaunchStoryboardName = LaunchScreen;
				INFOPLIST_KEY_UIMainStoryboardFile = Main;
				INFOPLIST_KEY_UISupportedInterfaceOrientations_iPad = "UIInterfaceOrientationPortrait UIInterfaceOrientationPortraitUpsideDown UIInterfaceOrientationLandscapeLeft UIInterfaceOrientationLandscapeRight";
				INFOPLIST_KEY_UISupportedInterfaceOrientations_iPhone = "UIInterfaceOrientationPortrait UIInterfaceOrientationLandscapeLeft UIInterfaceOrientationLandscapeRight";
				LD_RUNPATH_SEARCH_PATHS = (
					"$(inherited)",
					"@executable_path/Frameworks",
				);
				MARKETING_VERSION = 1.0;
				PRODUCT_BUNDLE_IDENTIFIER = "kk.tmdb-swipebox";
				PRODUCT_NAME = "$(TARGET_NAME)";
				SWIFT_EMIT_LOC_STRINGS = YES;
				SWIFT_VERSION = 5.0;
				TARGETED_DEVICE_FAMILY = "1,2";
			};
			name = Debug;
		};
		966AEB962B5BE14500186062 /* Release */ = {
			isa = XCBuildConfiguration;
			baseConfigurationReference = A760C68415B97DC93430239A /* Pods-tmdb_swipebox.release.xcconfig */;
			buildSettings = {
				ASSETCATALOG_COMPILER_APPICON_NAME = AppIcon;
				ASSETCATALOG_COMPILER_GLOBAL_ACCENT_COLOR_NAME = AccentColor;
				CODE_SIGN_STYLE = Automatic;
				CURRENT_PROJECT_VERSION = 1;
				DEVELOPMENT_TEAM = JWCT6UKXNA;
				GENERATE_INFOPLIST_FILE = YES;
				INFOPLIST_FILE = tmdb_swipebox/Info.plist;
				INFOPLIST_KEY_UIApplicationSupportsIndirectInputEvents = YES;
				INFOPLIST_KEY_UILaunchStoryboardName = LaunchScreen;
				INFOPLIST_KEY_UIMainStoryboardFile = Main;
				INFOPLIST_KEY_UISupportedInterfaceOrientations_iPad = "UIInterfaceOrientationPortrait UIInterfaceOrientationPortraitUpsideDown UIInterfaceOrientationLandscapeLeft UIInterfaceOrientationLandscapeRight";
				INFOPLIST_KEY_UISupportedInterfaceOrientations_iPhone = "UIInterfaceOrientationPortrait UIInterfaceOrientationLandscapeLeft UIInterfaceOrientationLandscapeRight";
				LD_RUNPATH_SEARCH_PATHS = (
					"$(inherited)",
					"@executable_path/Frameworks",
				);
				MARKETING_VERSION = 1.0;
				PRODUCT_BUNDLE_IDENTIFIER = "kk.tmdb-swipebox";
				PRODUCT_NAME = "$(TARGET_NAME)";
				SWIFT_EMIT_LOC_STRINGS = YES;
				SWIFT_VERSION = 5.0;
				TARGETED_DEVICE_FAMILY = "1,2";
			};
			name = Release;
		};
/* End XCBuildConfiguration section */

/* Begin XCConfigurationList section */
		966AEB782B5BE14300186062 /* Build configuration list for PBXProject "tmdb_swipebox" */ = {
			isa = XCConfigurationList;
			buildConfigurations = (
				966AEB922B5BE14500186062 /* Debug */,
				966AEB932B5BE14500186062 /* Release */,
			);
			defaultConfigurationIsVisible = 0;
			defaultConfigurationName = Release;
		};
		966AEB942B5BE14500186062 /* Build configuration list for PBXNativeTarget "tmdb_swipebox" */ = {
			isa = XCConfigurationList;
			buildConfigurations = (
				966AEB952B5BE14500186062 /* Debug */,
				966AEB962B5BE14500186062 /* Release */,
			);
			defaultConfigurationIsVisible = 0;
			defaultConfigurationName = Release;
		};
/* End XCConfigurationList section */

/* Begin XCVersionGroup section */
		966AEB892B5BE14300186062 /* tmdb_swipebox.xcdatamodeld */ = {
			isa = XCVersionGroup;
			children = (
				966AEB8A2B5BE14300186062 /* tmdb_swipebox.xcdatamodel */,
			);
			currentVersion = 966AEB8A2B5BE14300186062 /* tmdb_swipebox.xcdatamodel */;
			path = tmdb_swipebox.xcdatamodeld;
			sourceTree = "<group>";
			versionGroupType = wrapper.xcdatamodel;
		};
/* End XCVersionGroup section */
	};
	rootObject = 966AEB752B5BE14300186062 /* Project object */;
}
