PODS:
  - Alamofire (5.8.0)
  - SDWebImage (5.18.2):
    - SDWebImage/Core (= 5.18.2)
  - SDWebImage/Core (5.18.2)
  - Then (3.0.0)
  - TinyConstraints (4.0.2)
  - XCoordinator (2.2.1):
    - XCoordinator/Core (= 2.2.1)
  - XCoordinator/Core (2.2.1)

DEPENDENCIES:
  - Alamofire
  - SDWebImage (~> 5.0)
  - Then
  - TinyConstraints
  - XCoordinator (~> 2.0)

SPEC REPOS:
  trunk:
    - Alamofire
    - SDWebImage
    - Then
    - TinyConstraints
    - XCoordinator

SPEC CHECKSUMS:
  Alamofire: 0e92e751b3e9e66d7982db43919d01f313b8eb91
  SDWebImage: c0de394d7cf7f9838aed1fd6bb6037654a4572e4
  Then: 844265ae87834bbe1147d91d5d41a404da2ec27d
  TinyConstraints: 7b7ccc0c485bb3bb47082138ff28bc33cd49897f
  XCoordinator: 2cf9f72e10998b7a4a4bbeac3d07e071ea82fca3

PODFILE CHECKSUM: 3cb8e173bd5314b976f99c05af6500037726fb7b

COCOAPODS: 1.13.0
